github.com/Eyevinn/mp4ff v0.57.0 h1:/Gr4a5W83BcXyoFZSWSGGGjb5Yq1oYZGtHCnZ0i5hEg=
github.com/Eyevinn/mp4ff v0.57.0/go.mod h1:3EZTsioPJ4xTLZEBBkVWoyd7UHnGp4vzwoEJ7lmr3CQ=
golang.org/x/sys v0.48.0 h1:bbX/i/6MgT9BVLM9RT1thmxL04yeTAhbEz4SyadbXoo=
golang.org/x/sys v0.48.0/go.mod h1:hNLxWAXmnKAxqDtdwIYC4bM9oQPEecfsnNMuSxOs3og=
